
Microsoft Visual Studio Solution File, Format Version 12.00
# Visual Studio Version 17
VisualStudioVersion = 17.12.35527.113
MinimumVisualStudioVersion = 10.0.40219.1
Project("{9A19103F-16F7-4668-BE54-9A1E7A4F7556}") = "DalTest", "DalTest\DalTest.csproj", "{B84D9765-D531-407D-AE96-DA5CAD62677F}"
EndProject
Project("{9A19103F-16F7-4668-BE54-9A1E7A4F7556}") = "DalFacade", "DalFacade\DalFacade.csproj", "{2FAB677B-0114-4908-B07C-BD39F477A413}"
EndProject
Project("{9A19103F-16F7-4668-BE54-9A1E7A4F7556}") = "DalList", "DalList\DalList.csproj", "{1BFCCFF5-2D8D-4DBF-B2A3-2DB976DA5E6C}"
EndProject
Project("{FAE04EC0-301F-11D3-BF4B-00C04F79EFBC}") = "Tools", "Tools\Tools.csproj", "{DF114D0B-E31B-4310-B64F-7EEEF4161D49}"
EndProject
Project("{2150E333-8FDC-42A3-9474-1A3956D46DE8}") = "xml", "xml", "{02EA681E-C7D8-13C7-8484-4AC65E1B71E8}"
	ProjectSection(SolutionItems) = preProject
		xml\dal-config.xml = xml\dal-config.xml
	EndProjectSection
EndProject
Project("{FAE04EC0-301F-11D3-BF4B-00C04F79EFBC}") = "BL", "BL\BL.csproj", "{9C180E65-0811-4AAA-B31E-A0DE9C6C2541}"
EndProject
Project("{FAE04EC0-301F-11D3-BF4B-00C04F79EFBC}") = "BlTest", "BlTest\BlTest.csproj", "{39EC2EA9-8205-46D7-A363-40169F94FD6D}"
EndProject
Global
	GlobalSection(SolutionConfigurationPlatforms) = preSolution
		Debug|Any CPU = Debug|Any CPU
		Release|Any CPU = Release|Any CPU
	EndGlobalSection
	GlobalSection(ProjectConfigurationPlatforms) = postSolution
		{B84D9765-D531-407D-AE96-DA5CAD62677F}.Debug|Any CPU.ActiveCfg = Debug|Any CPU
		{B84D9765-D531-407D-AE96-DA5CAD62677F}.Debug|Any CPU.Build.0 = Debug|Any CPU
		{B84D9765-D531-407D-AE96-DA5CAD62677F}.Release|Any CPU.ActiveCfg = Release|Any CPU
		{B84D9765-D531-407D-AE96-DA5CAD62677F}.Release|Any CPU.Build.0 = Release|Any CPU
		{2FAB677B-0114-4908-B07C-BD39F477A413}.Debug|Any CPU.ActiveCfg = Debug|Any CPU
		{2FAB677B-0114-4908-B07C-BD39F477A413}.Debug|Any CPU.Build.0 = Debug|Any CPU
		{2FAB677B-0114-4908-B07C-BD39F477A413}.Release|Any CPU.ActiveCfg = Release|Any CPU
		{2FAB677B-0114-4908-B07C-BD39F477A413}.Release|Any CPU.Build.0 = Release|Any CPU
		{1BFCCFF5-2D8D-4DBF-B2A3-2DB976DA5E6C}.Debug|Any CPU.ActiveCfg = Debug|Any CPU
		{1BFCCFF5-2D8D-4DBF-B2A3-2DB976DA5E6C}.Debug|Any CPU.Build.0 = Debug|Any CPU
		{1BFCCFF5-2D8D-4DBF-B2A3-2DB976DA5E6C}.Release|Any CPU.ActiveCfg = Release|Any CPU
		{1BFCCFF5-2D8D-4DBF-B2A3-2DB976DA5E6C}.Release|Any CPU.Build.0 = Release|Any CPU
		{DF114D0B-E31B-4310-B64F-7EEEF4161D49}.Debug|Any CPU.ActiveCfg = Debug|Any CPU
		{DF114D0B-E31B-4310-B64F-7EEEF4161D49}.Debug|Any CPU.Build.0 = Debug|Any CPU
		{DF114D0B-E31B-4310-B64F-7EEEF4161D49}.Release|Any CPU.ActiveCfg = Release|Any CPU
		{DF114D0B-E31B-4310-B64F-7EEEF4161D49}.Release|Any CPU.Build.0 = Release|Any CPU
		{9C180E65-0811-4AAA-B31E-A0DE9C6C2541}.Debug|Any CPU.ActiveCfg = Debug|Any CPU
		{9C180E65-0811-4AAA-B31E-A0DE9C6C2541}.Debug|Any CPU.Build.0 = Debug|Any CPU
		{9C180E65-0811-4AAA-B31E-A0DE9C6C2541}.Release|Any CPU.ActiveCfg = Release|Any CPU
		{9C180E65-0811-4AAA-B31E-A0DE9C6C2541}.Release|Any CPU.Build.0 = Release|Any CPU
		{39EC2EA9-8205-46D7-A363-40169F94FD6D}.Debug|Any CPU.ActiveCfg = Debug|Any CPU
		{39EC2EA9-8205-46D7-A363-40169F94FD6D}.Debug|Any CPU.Build.0 = Debug|Any CPU
		{39EC2EA9-8205-46D7-A363-40169F94FD6D}.Release|Any CPU.ActiveCfg = Release|Any CPU
		{39EC2EA9-8205-46D7-A363-40169F94FD6D}.Release|Any CPU.Build.0 = Release|Any CPU
	EndGlobalSection
	GlobalSection(SolutionProperties) = preSolution
		HideSolutionNode = FALSE
	EndGlobalSection
	GlobalSection(ExtensibilityGlobals) = postSolution
		SolutionGuid = {F176F8BB-9CCE-4984-BC94-11089BAABF64}
	EndGlobalSection
EndGlobal
