
Microsoft Visual Studio Solution File, Format Version 12.00
# Visual Studio Version 17
VisualStudioVersion = 17.12.35527.113
MinimumVisualStudioVersion = 10.0.40219.1
Project("{9A19103F-16F7-4668-BE54-9A1E7A4F7556}") = "DalTest", "DalTest\DalTest.csproj", "{B84D9765-D531-407D-AE96-DA5CAD62677F}"
EndProject
Project("{9A19103F-16F7-4668-BE54-9A1E7A4F7556}") = "DalFacade", "DalFacade\DalFacade.csproj", "{2FAB677B-0114-4908-B07C-BD39F477A413}"
EndProject
Project("{9A19103F-16F7-4668-BE54-9A1E7A4F7556}") = "DalList", "DalList\DalList.csproj", "{1BFCCFF5-2D8D-4DBF-B2A3-2DB976DA5E6C}"
EndProject
Project("{FAE04EC0-301F-11D3-BF4B-00C04F79EFBC}") = "Tools", "Tools\Tools.csproj", "{DF114D0B-E31B-4310-B64F-7EEEF4161D49}"
EndProject
Project("{9A19103F-16F7-4668-BE54-9A1E7A4F7556}") = "BlTest", "BlTest\BlTest.csproj", "{E6CBAAE2-19A0-79CF-BBEE-F0E052F4D7AB}"
EndProject
Project("{9A19103F-16F7-4668-BE54-9A1E7A4F7556}") = "BL", "BL\BL.csproj", "{9372134D-1611-7D77-0539-DBBD897F17B7}"
EndProject
Project("{FAE04EC0-301F-11D3-BF4B-00C04F79EFBC}") = "UI_", "UI_\UI_.csproj", "{ACE2EE52-F36F-E684-F3AD-5166BC3957B8}"
EndProject
Project("{FAE04EC0-301F-11D3-BF4B-00C04F79EFBC}") = "DalXml", "ClassLibrary1\DalXml.csproj", "{1AFDB96C-2020-AF7D-A94F-F370351C3ECE}"
EndProject
Global
	GlobalSection(SolutionConfigurationPlatforms) = preSolution
		Debug|Any CPU = Debug|Any CPU
		Release|Any CPU = Release|Any CPU
	EndGlobalSection
	GlobalSection(ProjectConfigurationPlatforms) = postSolution
		{B84D9765-D531-407D-AE96-DA5CAD62677F}.Debug|Any CPU.ActiveCfg = Debug|Any CPU
		{B84D9765-D531-407D-AE96-DA5CAD62677F}.Debug|Any CPU.Build.0 = Debug|Any CPU
		{B84D9765-D531-407D-AE96-DA5CAD62677F}.Release|Any CPU.ActiveCfg = Release|Any CPU
		{B84D9765-D531-407D-AE96-DA5CAD62677F}.Release|Any CPU.Build.0 = Release|Any CPU
		{2FAB677B-0114-4908-B07C-BD39F477A413}.Debug|Any CPU.ActiveCfg = Debug|Any CPU
		{2FAB677B-0114-4908-B07C-BD39F477A413}.Debug|Any CPU.Build.0 = Debug|Any CPU
		{2FAB677B-0114-4908-B07C-BD39F477A413}.Release|Any CPU.ActiveCfg = Release|Any CPU
		{2FAB677B-0114-4908-B07C-BD39F477A413}.Release|Any CPU.Build.0 = Release|Any CPU
		{1BFCCFF5-2D8D-4DBF-B2A3-2DB976DA5E6C}.Debug|Any CPU.ActiveCfg = Debug|Any CPU
		{1BFCCFF5-2D8D-4DBF-B2A3-2DB976DA5E6C}.Debug|Any CPU.Build.0 = Debug|Any CPU
		{1BFCCFF5-2D8D-4DBF-B2A3-2DB976DA5E6C}.Release|Any CPU.ActiveCfg = Release|Any CPU
		{1BFCCFF5-2D8D-4DBF-B2A3-2DB976DA5E6C}.Release|Any CPU.Build.0 = Release|Any CPU
		{DF114D0B-E31B-4310-B64F-7EEEF4161D49}.Debug|Any CPU.ActiveCfg = Debug|Any CPU
		{DF114D0B-E31B-4310-B64F-7EEEF4161D49}.Debug|Any CPU.Build.0 = Debug|Any CPU
		{DF114D0B-E31B-4310-B64F-7EEEF4161D49}.Release|Any CPU.ActiveCfg = Release|Any CPU
		{DF114D0B-E31B-4310-B64F-7EEEF4161D49}.Release|Any CPU.Build.0 = Release|Any CPU
		{E6CBAAE2-19A0-79CF-BBEE-F0E052F4D7AB}.Debug|Any CPU.ActiveCfg = Debug|Any CPU
		{E6CBAAE2-19A0-79CF-BBEE-F0E052F4D7AB}.Debug|Any CPU.Build.0 = Debug|Any CPU
		{E6CBAAE2-19A0-79CF-BBEE-F0E052F4D7AB}.Release|Any CPU.ActiveCfg = Release|Any CPU
		{E6CBAAE2-19A0-79CF-BBEE-F0E052F4D7AB}.Release|Any CPU.Build.0 = Release|Any CPU
		{9372134D-1611-7D77-0539-DBBD897F17B7}.Debug|Any CPU.ActiveCfg = Debug|Any CPU
		{9372134D-1611-7D77-0539-DBBD897F17B7}.Debug|Any CPU.Build.0 = Debug|Any CPU
		{9372134D-1611-7D77-0539-DBBD897F17B7}.Release|Any CPU.ActiveCfg = Release|Any CPU
		{9372134D-1611-7D77-0539-DBBD897F17B7}.Release|Any CPU.Build.0 = Release|Any CPU
		{ACE2EE52-F36F-E684-F3AD-5166BC3957B8}.Debug|Any CPU.ActiveCfg = Debug|Any CPU
		{ACE2EE52-F36F-E684-F3AD-5166BC3957B8}.Debug|Any CPU.Build.0 = Debug|Any CPU
		{ACE2EE52-F36F-E684-F3AD-5166BC3957B8}.Release|Any CPU.ActiveCfg = Release|Any CPU
		{ACE2EE52-F36F-E684-F3AD-5166BC3957B8}.Release|Any CPU.Build.0 = Release|Any CPU
		{1AFDB96C-2020-AF7D-A94F-F370351C3ECE}.Debug|Any CPU.ActiveCfg = Debug|Any CPU
		{1AFDB96C-2020-AF7D-A94F-F370351C3ECE}.Debug|Any CPU.Build.0 = Debug|Any CPU
		{1AFDB96C-2020-AF7D-A94F-F370351C3ECE}.Release|Any CPU.ActiveCfg = Release|Any CPU
		{1AFDB96C-2020-AF7D-A94F-F370351C3ECE}.Release|Any CPU.Build.0 = Release|Any CPU
	EndGlobalSection
	GlobalSection(SolutionProperties) = preSolution
		HideSolutionNode = FALSE
	EndGlobalSection
	GlobalSection(ExtensibilityGlobals) = postSolution
		SolutionGuid = {F176F8BB-9CCE-4984-BC94-11089BAABF64}
	EndGlobalSection
EndGlobal
